
Microsoft Visual Studio Solution File, Format Version 11.00
# Visual Studio 2010
Project("{FAE04EC0-301F-11D3-BF4B-00C04F79EFBC}") = "Assembly-CSharp", "Assembly-CSharp.csproj", "{1f1bd736-5fd0-cc04-cb11-4f9473ebb941}"
EndProject
Project("{FAE04EC0-301F-11D3-BF4B-00C04F79EFBC}") = "MotionWarping.Runtime", "MotionWarping.Runtime.csproj", "{769eb464-2157-96af-a172-586a9fd7e0a1}"
EndProject
Project("{FAE04EC0-301F-11D3-BF4B-00C04F79EFBC}") = "MotionWarping.Editor", "MotionWarping.Editor.csproj", "{872b9578-18df-386b-fc80-97d8b5578c98}"
EndProject
Project("{FAE04EC0-301F-11D3-BF4B-00C04F79EFBC}") = "asset-store-tools-editor", "asset-store-tools-editor.csproj", "{0b8e3343-d6b5-a9de-d35e-f9af155ccd27}"
EndProject
Global
	GlobalSection(SolutionConfigurationPlatforms) = preSolution
		Debug|Any CPU = Debug|Any CPU
	EndGlobalSection
	GlobalSection(ProjectConfigurationPlatforms) = postSolution
		{1f1bd736-5fd0-cc04-cb11-4f9473ebb941}.Debug|Any CPU.ActiveCfg = Debug|Any CPU
		{1f1bd736-5fd0-cc04-cb11-4f9473ebb941}.Debug|Any CPU.Build.0 = Debug|Any CPU
		{769eb464-2157-96af-a172-586a9fd7e0a1}.Debug|Any CPU.ActiveCfg = Debug|Any CPU
		{769eb464-2157-96af-a172-586a9fd7e0a1}.Debug|Any CPU.Build.0 = Debug|Any CPU
		{872b9578-18df-386b-fc80-97d8b5578c98}.Debug|Any CPU.ActiveCfg = Debug|Any CPU
		{872b9578-18df-386b-fc80-97d8b5578c98}.Debug|Any CPU.Build.0 = Debug|Any CPU
		{0b8e3343-d6b5-a9de-d35e-f9af155ccd27}.Debug|Any CPU.ActiveCfg = Debug|Any CPU
		{0b8e3343-d6b5-a9de-d35e-f9af155ccd27}.Debug|Any CPU.Build.0 = Debug|Any CPU
	EndGlobalSection
	GlobalSection(SolutionProperties) = preSolution
		HideSolutionNode = FALSE
	EndGlobalSection
EndGlobal
